{
  "version": 4,
  "terraform_version": "1.5.0",
  "serial": 1,
  "lineage": "8f2b1c44-0000-4000-8000-000000000001",
  "outputs": {},
  "resources": [
    {
      "mode": "managed",
      "type": "couchbase-capella_database_credential",
      "name": "upgrade_fixture",
      "provider": "provider[\"registry.terraform.io/couchbasecloud/couchbase-capella\"]",
      "instances": [
        {
          "schema_version": 0,
          "attributes": {
            "id": "0d1c9b6e-1111-4222-8333-444444444444",
            "name": "tf_upgrade_fixture",
            "organization_id": "6af08c0a-8cab-4c1c-b257-b521575c16d0",
            "project_id": "f14134f2-7943-4dd9-b0dc-6f4a4d4b1b2c",
            "cluster_id": "ffffffff-aaaa-1111-2222-333333333333",
            "password": "Placeholder12$#",
            "audit": {
              "created_at": "2026-01-15 10:00:00.000000000 +0000 UTC",
              "created_by": "tf-upgrade-fixture",
              "modified_at": "2026-01-15 10:00:00.000000000 +0000 UTC",
              "modified_by": "tf-upgrade-fixture",
              "version": 1
            },
            "access": [
              {
                "privileges": [
                  "data_reader"
                ],
                "resources": null
              },
              {
                "privileges": [
                  "data_writer"
                ],
                "resources": {
                  "buckets": [
                    {
                      "name": "alpha",
                      "scopes": null
                    },
                    {
                      "name": "zeta",
                      "scopes": [
                        {
                          "name": "z_scope",
                          "collections": [
                            "a_col",
                            "m_col",
                            "z_col"
                          ]
                        }
                      ]
                    }
                  ]
                }
              }
            ]
          },
          "sensitive_attributes": [
            [
              {
                "type": "get_attr",
                "value": "password"
              }
            ]
          ]
        }
      ]
    }
  ],
  "check_results": null
}
